// !$*UTF8*$!
{
	archiveVersion = 1;
	classes = {
	};
	objectVersion = 56;
	objects = {

/* Begin PBXBuildFile section */
		3F3165E42B14D39D0074538D /* AppDelegate.m in Sources */ = {isa = PBXBuildFile; fileRef = 3F3165E32B14D39D0074538D /* AppDelegate.m */; };
		3F3165E72B14D39D0074538D /* SceneDelegate.m in Sources */ = {isa = PBXBuildFile; fileRef = 3F3165E62B14D39D0074538D /* SceneDelegate.m */; };
		3F3165EA2B14D39D0074538D /* ViewController.m in Sources */ = {isa = PBXBuildFile; fileRef = 3F3165E92B14D39D0074538D /* ViewController.m */; };
		3F3165EF2B14D39E0074538D /* Assets.xcassets in Resources */ = {isa = PBXBuildFile; fileRef = 3F3165EE2B14D39E0074538D /* Assets.xcassets */; };
		3F3165F22B14D39E0074538D /* LaunchScreen.storyboard in Resources */ = {isa = PBXBuildFile; fileRef = 3F3165F02B14D39E0074538D /* LaunchScreen.storyboard */; };
		3F3165F52B14D39E0074538D /* main.m in Sources */ = {isa = PBXBuildFile; fileRef = 3F3165F42B14D39E0074538D /* main.m */; };
		3F3165FF2B18D4C30074538D /* BaseViewController.swift in Sources */ = {isa = PBXBuildFile; fileRef = 3F3165FD2B18D4C30074538D /* BaseViewController.swift */; };
		3F3166002B18D4C30074538D /* ImageCollectionViewCell.swift in Sources */ = {isa = PBXBuildFile; fileRef = 3F3165FE2B18D4C30074538D /* ImageCollectionViewCell.swift */; };
		3F3166152B18D4CB0074538D /* CalendarEvent.swift in Sources */ = {isa = PBXBuildFile; fileRef = 3F3166022B18D4CB0074538D /* CalendarEvent.swift */; };
		3F3166162B18D4CB0074538D /* CalendarHeaderView.swift in Sources */ = {isa = PBXBuildFile; fileRef = 3F3166032B18D4CB0074538D /* CalendarHeaderView.swift */; };
		3F3166172B18D4CB0074538D /* WeekCalendarLayout.swift in Sources */ = {isa = PBXBuildFile; fileRef = 3F3166042B18D4CB0074538D /* WeekCalendarLayout.swift */; };
		3F3166182B18D4CB0074538D /* CalendarDataSource.swift in Sources */ = {isa = PBXBuildFile; fileRef = 3F3166052B18D4CB0074538D /* CalendarDataSource.swift */; };
		3F3166192B18D4CB0074538D /* CalendarEventCell.swift in Sources */ = {isa = PBXBuildFile; fileRef = 3F3166062B18D4CB0074538D /* CalendarEventCell.swift */; };
		3F31661A2B18D4CB0074538D /* CalendarViewController.swift in Sources */ = {isa = PBXBuildFile; fileRef = 3F3166072B18D4CB0074538D /* CalendarViewController.swift */; };
		3F31661B2B18D4CB0074538D /* LineCircleViewController.swift in Sources */ = {isa = PBXBuildFile; fileRef = 3F3166092B18D4CB0074538D /* LineCircleViewController.swift */; };
		3F31661C2B18D4CB0074538D /* CircleLayout.swift in Sources */ = {isa = PBXBuildFile; fileRef = 3F31660A2B18D4CB0074538D /* CircleLayout.swift */; };
		3F31661D2B18D4CB0074538D /* LineLayout.swift in Sources */ = {isa = PBXBuildFile; fileRef = 3F31660B2B18D4CB0074538D /* LineLayout.swift */; };
		3F31661E2B18D4CB0074538D /* LineCircleCell.swift in Sources */ = {isa = PBXBuildFile; fileRef = 3F31660C2B18D4CB0074538D /* LineCircleCell.swift */; };
		3F31661F2B18D4CB0074538D /* WaterfallCell.swift in Sources */ = {isa = PBXBuildFile; fileRef = 3F31660E2B18D4CB0074538D /* WaterfallCell.swift */; };
		3F3166202B18D4CB0074538D /* WaterfallLayout.swift in Sources */ = {isa = PBXBuildFile; fileRef = 3F31660F2B18D4CB0074538D /* WaterfallLayout.swift */; };
		3F3166212B18D4CB0074538D /* WaterfallViewController.swift in Sources */ = {isa = PBXBuildFile; fileRef = 3F3166102B18D4CB0074538D /* WaterfallViewController.swift */; };
		3F3166222B18D4CB0074538D /* PubuLayout.swift in Sources */ = {isa = PBXBuildFile; fileRef = 3F3166122B18D4CB0074538D /* PubuLayout.swift */; };
		3F3166232B18D4CB0074538D /* ColorViewCell.swift in Sources */ = {isa = PBXBuildFile; fileRef = 3F3166132B18D4CB0074538D /* ColorViewCell.swift */; };
		3F3166242B18D4CB0074538D /* CustomViewController.swift in Sources */ = {isa = PBXBuildFile; fileRef = 3F3166142B18D4CB0074538D /* CustomViewController.swift */; };
		3F3166292B18D62B0074538D /* CollectionEntryViewController.swift in Sources */ = {isa = PBXBuildFile; fileRef = 3F3166282B18D62B0074538D /* CollectionEntryViewController.swift */; };
		3F31662E2B18DD110074538D /* UIView+Animation.m in Sources */ = {isa = PBXBuildFile; fileRef = 3F31662C2B18DD110074538D /* UIView+Animation.m */; };
		3F3166332B18DD4A0074538D /* ShakeViewController.m in Sources */ = {isa = PBXBuildFile; fileRef = 3F3166322B18DD4A0074538D /* ShakeViewController.m */; };
		3F3166362B18DEE50074538D /* AnimatePanViewController.m in Sources */ = {isa = PBXBuildFile; fileRef = 3F3166352B18DEE50074538D /* AnimatePanViewController.m */; };
		3F31663A2B1A19580074538D /* AnimateTableViewController.m in Sources */ = {isa = PBXBuildFile; fileRef = 3F3166392B1A19580074538D /* AnimateTableViewController.m */; };
		3F31663D2B1A19A60074538D /* AnimateTableViewCell.m in Sources */ = {isa = PBXBuildFile; fileRef = 3F31663C2B1A19A60074538D /* AnimateTableViewCell.m */; };
		68B912722B17384F0049E0FA /* UITableViewInfo.m in Sources */ = {isa = PBXBuildFile; fileRef = 68B912712B17384F0049E0FA /* UITableViewInfo.m */; };
		68B912752B173AED0049E0FA /* UIStackViewController.m in Sources */ = {isa = PBXBuildFile; fileRef = 68B912742B173AED0049E0FA /* UIStackViewController.m */; };
		68C0EB502B175529005E1C28 /* BCMagicTransition.m in Sources */ = {isa = PBXBuildFile; fileRef = 68C0EB4F2B175529005E1C28 /* BCMagicTransition.m */; };
		68C0EB532B17554B005E1C28 /* UIViewController+BCMagicTransition.m in Sources */ = {isa = PBXBuildFile; fileRef = 68C0EB522B17554B005E1C28 /* UIViewController+BCMagicTransition.m */; };
		68C0EB562B17557C005E1C28 /* FirstViewController.m in Sources */ = {isa = PBXBuildFile; fileRef = 68C0EB552B17557C005E1C28 /* FirstViewController.m */; };
		68C0EB592B175599005E1C28 /* SecondViewController.m in Sources */ = {isa = PBXBuildFile; fileRef = 68C0EB582B175599005E1C28 /* SecondViewController.m */; };
		68C0EB5C2B1755B4005E1C28 /* ThirdViewController.m in Sources */ = {isa = PBXBuildFile; fileRef = 68C0EB5B2B1755B4005E1C28 /* ThirdViewController.m */; };
		68C0EB5F2B1757D4005E1C28 /* MMUIViewController.m in Sources */ = {isa = PBXBuildFile; fileRef = 68C0EB5E2B1757D4005E1C28 /* MMUIViewController.m */; };
		68C0EB622B175850005E1C28 /* UIView+Frame.m in Sources */ = {isa = PBXBuildFile; fileRef = 68C0EB612B175850005E1C28 /* UIView+Frame.m */; };
		68C0EB742B184B3A005E1C28 /* UIToolbarViewController.m in Sources */ = {isa = PBXBuildFile; fileRef = 68C0EB732B184B3A005E1C28 /* UIToolbarViewController.m */; };
		68C0EB7F2B184DAD005E1C28 /* ContainerViewController.m in Sources */ = {isa = PBXBuildFile; fileRef = 68C0EB772B184DAD005E1C28 /* ContainerViewController.m */; };
		68C0EB802B184DAD005E1C28 /* ContainerScrollDelegate.m in Sources */ = {isa = PBXBuildFile; fileRef = 68C0EB792B184DAD005E1C28 /* ContainerScrollDelegate.m */; };
		68C0EB812B184DAD005E1C28 /* ContainerView.m in Sources */ = {isa = PBXBuildFile; fileRef = 68C0EB7E2B184DAD005E1C28 /* ContainerView.m */; };
		68C0EB852B185271005E1C28 /* DemoHeaderViews.m in Sources */ = {isa = PBXBuildFile; fileRef = 68C0EB832B185271005E1C28 /* DemoHeaderViews.m */; };
		68C0EB8C2B186074005E1C28 /* YYViewHierarchy3D.m in Sources */ = {isa = PBXBuildFile; fileRef = 68C0EB8B2B186074005E1C28 /* YYViewHierarchy3D.m */; };
		F648529920B271FD08AC40AF /* Pods_iOSDemos.framework in Frameworks */ = {isa = PBXBuildFile; fileRef = C3EBE63870D2A9FCED416B2D /* Pods_iOSDemos.framework */; };
/* End PBXBuildFile section */

/* Begin PBXFileReference section */
		3DD61D8495355E69B8365EEB /* Pods-iOSDemos.release.xcconfig */ = {isa = PBXFileReference; includeInIndex = 1; lastKnownFileType = text.xcconfig; name = "Pods-iOSDemos.release.xcconfig"; path = "Target Support Files/Pods-iOSDemos/Pods-iOSDemos.release.xcconfig"; sourceTree = "<group>"; };
		3F3165DF2B14D39D0074538D /* iOSDemos.app */ = {isa = PBXFileReference; explicitFileType = wrapper.application; includeInIndex = 0; path = iOSDemos.app; sourceTree = BUILT_PRODUCTS_DIR; };
		3F3165E22B14D39D0074538D /* AppDelegate.h */ = {isa = PBXFileReference; lastKnownFileType = sourcecode.c.h; path = AppDelegate.h; sourceTree = "<group>"; };
		3F3165E32B14D39D0074538D /* AppDelegate.m */ = {isa = PBXFileReference; lastKnownFileType = sourcecode.c.objc; path = AppDelegate.m; sourceTree = "<group>"; };
		3F3165E52B14D39D0074538D /* SceneDelegate.h */ = {isa = PBXFileReference; lastKnownFileType = sourcecode.c.h; path = SceneDelegate.h; sourceTree = "<group>"; };
		3F3165E62B14D39D0074538D /* SceneDelegate.m */ = {isa = PBXFileReference; lastKnownFileType = sourcecode.c.objc; path = SceneDelegate.m; sourceTree = "<group>"; };
		3F3165E82B14D39D0074538D /* ViewController.h */ = {isa = PBXFileReference; lastKnownFileType = sourcecode.c.h; path = ViewController.h; sourceTree = "<group>"; };
		3F3165E92B14D39D0074538D /* ViewController.m */ = {isa = PBXFileReference; lastKnownFileType = sourcecode.c.objc; path = ViewController.m; sourceTree = "<group>"; };
		3F3165EE2B14D39E0074538D /* Assets.xcassets */ = {isa = PBXFileReference; lastKnownFileType = folder.assetcatalog; path = Assets.xcassets; sourceTree = "<group>"; };
		3F3165F12B14D39E0074538D /* Base */ = {isa = PBXFileReference; lastKnownFileType = file.storyboard; name = Base; path = Base.lproj/LaunchScreen.storyboard; sourceTree = "<group>"; };
		3F3165F32B14D39E0074538D /* Info.plist */ = {isa = PBXFileReference; lastKnownFileType = text.plist.xml; path = Info.plist; sourceTree = "<group>"; };
		3F3165F42B14D39E0074538D /* main.m */ = {isa = PBXFileReference; lastKnownFileType = sourcecode.c.objc; path = main.m; sourceTree = "<group>"; };
		3F3165FD2B18D4C30074538D /* BaseViewController.swift */ = {isa = PBXFileReference; fileEncoding = 4; lastKnownFileType = sourcecode.swift; path = BaseViewController.swift; sourceTree = "<group>"; };
		3F3165FE2B18D4C30074538D /* ImageCollectionViewCell.swift */ = {isa = PBXFileReference; fileEncoding = 4; lastKnownFileType = sourcecode.swift; path = ImageCollectionViewCell.swift; sourceTree = "<group>"; };
		3F3166022B18D4CB0074538D /* CalendarEvent.swift */ = {isa = PBXFileReference; fileEncoding = 4; lastKnownFileType = sourcecode.swift; path = CalendarEvent.swift; sourceTree = "<group>"; };
		3F3166032B18D4CB0074538D /* CalendarHeaderView.swift */ = {isa = PBXFileReference; fileEncoding = 4; lastKnownFileType = sourcecode.swift; path = CalendarHeaderView.swift; sourceTree = "<group>"; };
		3F3166042B18D4CB0074538D /* WeekCalendarLayout.swift */ = {isa = PBXFileReference; fileEncoding = 4; lastKnownFileType = sourcecode.swift; path = WeekCalendarLayout.swift; sourceTree = "<group>"; };
		3F3166052B18D4CB0074538D /* CalendarDataSource.swift */ = {isa = PBXFileReference; fileEncoding = 4; lastKnownFileType = sourcecode.swift; path = CalendarDataSource.swift; sourceTree = "<group>"; };
		3F3166062B18D4CB0074538D /* CalendarEventCell.swift */ = {isa = PBXFileReference; fileEncoding = 4; lastKnownFileType = sourcecode.swift; path = CalendarEventCell.swift; sourceTree = "<group>"; };
		3F3166072B18D4CB0074538D /* CalendarViewController.swift */ = {isa = PBXFileReference; fileEncoding = 4; lastKnownFileType = sourcecode.swift; path = CalendarViewController.swift; sourceTree = "<group>"; };
		3F3166092B18D4CB0074538D /* LineCircleViewController.swift */ = {isa = PBXFileReference; fileEncoding = 4; lastKnownFileType = sourcecode.swift; path = LineCircleViewController.swift; sourceTree = "<group>"; };
		3F31660A2B18D4CB0074538D /* CircleLayout.swift */ = {isa = PBXFileReference; fileEncoding = 4; lastKnownFileType = sourcecode.swift; path = CircleLayout.swift; sourceTree = "<group>"; };
		3F31660B2B18D4CB0074538D /* LineLayout.swift */ = {isa = PBXFileReference; fileEncoding = 4; lastKnownFileType = sourcecode.swift; path = LineLayout.swift; sourceTree = "<group>"; };
		3F31660C2B18D4CB0074538D /* LineCircleCell.swift */ = {isa = PBXFileReference; fileEncoding = 4; lastKnownFileType = sourcecode.swift; path = LineCircleCell.swift; sourceTree = "<group>"; };
		3F31660E2B18D4CB0074538D /* WaterfallCell.swift */ = {isa = PBXFileReference; fileEncoding = 4; lastKnownFileType = sourcecode.swift; path = WaterfallCell.swift; sourceTree = "<group>"; };
		3F31660F2B18D4CB0074538D /* WaterfallLayout.swift */ = {isa = PBXFileReference; fileEncoding = 4; lastKnownFileType = sourcecode.swift; path = WaterfallLayout.swift; sourceTree = "<group>"; };
		3F3166102B18D4CB0074538D /* WaterfallViewController.swift */ = {isa = PBXFileReference; fileEncoding = 4; lastKnownFileType = sourcecode.swift; path = WaterfallViewController.swift; sourceTree = "<group>"; };
		3F3166122B18D4CB0074538D /* PubuLayout.swift */ = {isa = PBXFileReference; fileEncoding = 4; lastKnownFileType = sourcecode.swift; path = PubuLayout.swift; sourceTree = "<group>"; };
		3F3166132B18D4CB0074538D /* ColorViewCell.swift */ = {isa = PBXFileReference; fileEncoding = 4; lastKnownFileType = sourcecode.swift; path = ColorViewCell.swift; sourceTree = "<group>"; };
		3F3166142B18D4CB0074538D /* CustomViewController.swift */ = {isa = PBXFileReference; fileEncoding = 4; lastKnownFileType = sourcecode.swift; path = CustomViewController.swift; sourceTree = "<group>"; };
		3F3166282B18D62B0074538D /* CollectionEntryViewController.swift */ = {isa = PBXFileReference; lastKnownFileType = sourcecode.swift; path = CollectionEntryViewController.swift; sourceTree = "<group>"; };
		3F31662A2B18D8000074538D /* iOSDemos-Bridging-Header.h */ = {isa = PBXFileReference; lastKnownFileType = sourcecode.c.h; path = "iOSDemos-Bridging-Header.h"; sourceTree = "<group>"; };
		3F31662C2B18DD110074538D /* UIView+Animation.m */ = {isa = PBXFileReference; fileEncoding = 4; lastKnownFileType = sourcecode.c.objc; path = "UIView+Animation.m"; sourceTree = "<group>"; };
		3F31662D2B18DD110074538D /* UIView+Animation.h */ = {isa = PBXFileReference; fileEncoding = 4; lastKnownFileType = sourcecode.c.h; path = "UIView+Animation.h"; sourceTree = "<group>"; };
		3F3166312B18DD4A0074538D /* ShakeViewController.h */ = {isa = PBXFileReference; lastKnownFileType = sourcecode.c.h; path = ShakeViewController.h; sourceTree = "<group>"; };
		3F3166322B18DD4A0074538D /* ShakeViewController.m */ = {isa = PBXFileReference; lastKnownFileType = sourcecode.c.objc; path = ShakeViewController.m; sourceTree = "<group>"; };
		3F3166342B18DEE50074538D /* AnimatePanViewController.h */ = {isa = PBXFileReference; lastKnownFileType = sourcecode.c.h; path = AnimatePanViewController.h; sourceTree = "<group>"; };
		3F3166352B18DEE50074538D /* AnimatePanViewController.m */ = {isa = PBXFileReference; lastKnownFileType = sourcecode.c.objc; path = AnimatePanViewController.m; sourceTree = "<group>"; };
		3F3166382B1A19580074538D /* AnimateTableViewController.h */ = {isa = PBXFileReference; lastKnownFileType = sourcecode.c.h; path = AnimateTableViewController.h; sourceTree = "<group>"; };
		3F3166392B1A19580074538D /* AnimateTableViewController.m */ = {isa = PBXFileReference; lastKnownFileType = sourcecode.c.objc; path = AnimateTableViewController.m; sourceTree = "<group>"; };
		3F31663B2B1A19A60074538D /* AnimateTableViewCell.h */ = {isa = PBXFileReference; lastKnownFileType = sourcecode.c.h; path = AnimateTableViewCell.h; sourceTree = "<group>"; };
		3F31663C2B1A19A60074538D /* AnimateTableViewCell.m */ = {isa = PBXFileReference; lastKnownFileType = sourcecode.c.objc; path = AnimateTableViewCell.m; sourceTree = "<group>"; };
		3F31663E2B1A1C210074538D /* PrefixHeader.pch */ = {isa = PBXFileReference; lastKnownFileType = sourcecode.c.h; path = PrefixHeader.pch; sourceTree = "<group>"; };
		68B912702B17384F0049E0FA /* UITableViewInfo.h */ = {isa = PBXFileReference; lastKnownFileType = sourcecode.c.h; path = UITableViewInfo.h; sourceTree = "<group>"; };
		68B912712B17384F0049E0FA /* UITableViewInfo.m */ = {isa = PBXFileReference; lastKnownFileType = sourcecode.c.objc; path = UITableViewInfo.m; sourceTree = "<group>"; };
		68B912732B173AED0049E0FA /* UIStackViewController.h */ = {isa = PBXFileReference; lastKnownFileType = sourcecode.c.h; path = UIStackViewController.h; sourceTree = "<group>"; };
		68B912742B173AED0049E0FA /* UIStackViewController.m */ = {isa = PBXFileReference; lastKnownFileType = sourcecode.c.objc; path = UIStackViewController.m; sourceTree = "<group>"; };
		68C0EB4E2B175529005E1C28 /* BCMagicTransition.h */ = {isa = PBXFileReference; lastKnownFileType = sourcecode.c.h; path = BCMagicTransition.h; sourceTree = "<group>"; };
		68C0EB4F2B175529005E1C28 /* BCMagicTransition.m */ = {isa = PBXFileReference; lastKnownFileType = sourcecode.c.objc; path = BCMagicTransition.m; sourceTree = "<group>"; };
		68C0EB512B17554B005E1C28 /* UIViewController+BCMagicTransition.h */ = {isa = PBXFileReference; lastKnownFileType = sourcecode.c.h; path = "UIViewController+BCMagicTransition.h"; sourceTree = "<group>"; };
		68C0EB522B17554B005E1C28 /* UIViewController+BCMagicTransition.m */ = {isa = PBXFileReference; lastKnownFileType = sourcecode.c.objc; path = "UIViewController+BCMagicTransition.m"; sourceTree = "<group>"; };
		68C0EB542B17557C005E1C28 /* FirstViewController.h */ = {isa = PBXFileReference; lastKnownFileType = sourcecode.c.h; path = FirstViewController.h; sourceTree = "<group>"; };
		68C0EB552B17557C005E1C28 /* FirstViewController.m */ = {isa = PBXFileReference; lastKnownFileType = sourcecode.c.objc; path = FirstViewController.m; sourceTree = "<group>"; };
		68C0EB572B175599005E1C28 /* SecondViewController.h */ = {isa = PBXFileReference; lastKnownFileType = sourcecode.c.h; path = SecondViewController.h; sourceTree = "<group>"; };
		68C0EB582B175599005E1C28 /* SecondViewController.m */ = {isa = PBXFileReference; lastKnownFileType = sourcecode.c.objc; path = SecondViewController.m; sourceTree = "<group>"; };
		68C0EB5A2B1755B4005E1C28 /* ThirdViewController.h */ = {isa = PBXFileReference; lastKnownFileType = sourcecode.c.h; path = ThirdViewController.h; sourceTree = "<group>"; };
		68C0EB5B2B1755B4005E1C28 /* ThirdViewController.m */ = {isa = PBXFileReference; lastKnownFileType = sourcecode.c.objc; path = ThirdViewController.m; sourceTree = "<group>"; };
		68C0EB5D2B1757D4005E1C28 /* MMUIViewController.h */ = {isa = PBXFileReference; lastKnownFileType = sourcecode.c.h; path = MMUIViewController.h; sourceTree = "<group>"; };
		68C0EB5E2B1757D4005E1C28 /* MMUIViewController.m */ = {isa = PBXFileReference; lastKnownFileType = sourcecode.c.objc; path = MMUIViewController.m; sourceTree = "<group>"; };
		68C0EB602B175850005E1C28 /* UIView+Frame.h */ = {isa = PBXFileReference; lastKnownFileType = sourcecode.c.h; path = "UIView+Frame.h"; sourceTree = "<group>"; };
		68C0EB612B175850005E1C28 /* UIView+Frame.m */ = {isa = PBXFileReference; lastKnownFileType = sourcecode.c.objc; path = "UIView+Frame.m"; sourceTree = "<group>"; };
		68C0EB722B184B3A005E1C28 /* UIToolbarViewController.h */ = {isa = PBXFileReference; lastKnownFileType = sourcecode.c.h; path = UIToolbarViewController.h; sourceTree = "<group>"; };
		68C0EB732B184B3A005E1C28 /* UIToolbarViewController.m */ = {isa = PBXFileReference; lastKnownFileType = sourcecode.c.objc; path = UIToolbarViewController.m; sourceTree = "<group>"; };
		68C0EB772B184DAD005E1C28 /* ContainerViewController.m */ = {isa = PBXFileReference; fileEncoding = 4; lastKnownFileType = sourcecode.c.objc; path = ContainerViewController.m; sourceTree = "<group>"; };
		68C0EB782B184DAD005E1C28 /* ContainerView.h */ = {isa = PBXFileReference; fileEncoding = 4; lastKnownFileType = sourcecode.c.h; path = ContainerView.h; sourceTree = "<group>"; };
		68C0EB792B184DAD005E1C28 /* ContainerScrollDelegate.m */ = {isa = PBXFileReference; fileEncoding = 4; lastKnownFileType = sourcecode.c.objc; path = ContainerScrollDelegate.m; sourceTree = "<group>"; };
		68C0EB7A2B184DAD005E1C28 /* ContainerTypes.h */ = {isa = PBXFileReference; fileEncoding = 4; lastKnownFileType = sourcecode.c.h; path = ContainerTypes.h; sourceTree = "<group>"; };
		68C0EB7B2B184DAD005E1C28 /* ContainerDefines.h */ = {isa = PBXFileReference; fileEncoding = 4; lastKnownFileType = sourcecode.c.h; path = ContainerDefines.h; sourceTree = "<group>"; };
		68C0EB7C2B184DAD005E1C28 /* ContainerViewController.h */ = {isa = PBXFileReference; fileEncoding = 4; lastKnownFileType = sourcecode.c.h; path = ContainerViewController.h; sourceTree = "<group>"; };
		68C0EB7D2B184DAD005E1C28 /* ContainerScrollDelegate.h */ = {isa = PBXFileReference; fileEncoding = 4; lastKnownFileType = sourcecode.c.h; path = ContainerScrollDelegate.h; sourceTree = "<group>"; };
		68C0EB7E2B184DAD005E1C28 /* ContainerView.m */ = {isa = PBXFileReference; fileEncoding = 4; lastKnownFileType = sourcecode.c.objc; path = ContainerView.m; sourceTree = "<group>"; };
		68C0EB832B185271005E1C28 /* DemoHeaderViews.m */ = {isa = PBXFileReference; fileEncoding = 4; lastKnownFileType = sourcecode.c.objc; path = DemoHeaderViews.m; sourceTree = "<group>"; };
		68C0EB842B185271005E1C28 /* DemoHeaderViews.h */ = {isa = PBXFileReference; fileEncoding = 4; lastKnownFileType = sourcecode.c.h; path = DemoHeaderViews.h; sourceTree = "<group>"; };
		68C0EB8A2B186074005E1C28 /* YYViewHierarchy3D.h */ = {isa = PBXFileReference; lastKnownFileType = sourcecode.c.h; path = YYViewHierarchy3D.h; sourceTree = "<group>"; };
		68C0EB8B2B186074005E1C28 /* YYViewHierarchy3D.m */ = {isa = PBXFileReference; lastKnownFileType = sourcecode.c.objc; path = YYViewHierarchy3D.m; sourceTree = "<group>"; };
		C3EBE63870D2A9FCED416B2D /* Pods_iOSDemos.framework */ = {isa = PBXFileReference; explicitFileType = wrapper.framework; includeInIndex = 0; path = Pods_iOSDemos.framework; sourceTree = BUILT_PRODUCTS_DIR; };
		F7F785310190FAF460E26392 /* Pods-iOSDemos.debug.xcconfig */ = {isa = PBXFileReference; includeInIndex = 1; lastKnownFileType = text.xcconfig; name = "Pods-iOSDemos.debug.xcconfig"; path = "Target Support Files/Pods-iOSDemos/Pods-iOSDemos.debug.xcconfig"; sourceTree = "<group>"; };
/* End PBXFileReference section */

/* Begin PBXFrameworksBuildPhase section */
		3F3165DC2B14D39D0074538D /* Frameworks */ = {
			isa = PBXFrameworksBuildPhase;
			buildActionMask = 2147483647;
			files = (
				F648529920B271FD08AC40AF /* Pods_iOSDemos.framework in Frameworks */,
			);
			runOnlyForDeploymentPostprocessing = 0;
		};
/* End PBXFrameworksBuildPhase section */

/* Begin PBXGroup section */
		0141DF58D7DC07EEB0A822D0 /* Pods */ = {
			isa = PBXGroup;
			children = (
				F7F785310190FAF460E26392 /* Pods-iOSDemos.debug.xcconfig */,
				3DD61D8495355E69B8365EEB /* Pods-iOSDemos.release.xcconfig */,
			);
			path = Pods;
			sourceTree = "<group>";
		};
		3F3165D62B14D39D0074538D = {
			isa = PBXGroup;
			children = (
				3F3165E12B14D39D0074538D /* iOSDemos */,
				3F3165E02B14D39D0074538D /* Products */,
				0141DF58D7DC07EEB0A822D0 /* Pods */,
				FD96E672B833CA21A4AA34CD /* Frameworks */,
			);
			sourceTree = "<group>";
		};
		3F3165E02B14D39D0074538D /* Products */ = {
			isa = PBXGroup;
			children = (
				3F3165DF2B14D39D0074538D /* iOSDemos.app */,
			);
			name = Products;
			sourceTree = "<group>";
		};
		3F3165E12B14D39D0074538D /* iOSDemos */ = {
			isa = PBXGroup;
			children = (
				3F31663F2B1A1C3E0074538D /* Supporting Files */,
				3F31662B2B18DCFF0074538D /* CoreAnimation */,
				68C0EB892B186068005E1C28 /* Other */,
				68C0EB712B184B09005E1C28 /* UIComponents */,
				68C0EB4C2B17546E005E1C28 /* Transition */,
				68B9126F2B1738220049E0FA /* MMUIKit */,
				3F3165E82B14D39D0074538D /* ViewController.h */,
				3F3165E92B14D39D0074538D /* ViewController.m */,
				3F3165EE2B14D39E0074538D /* Assets.xcassets */,
				3F31662A2B18D8000074538D /* iOSDemos-Bridging-Header.h */,
				3F31663E2B1A1C210074538D /* PrefixHeader.pch */,
			);
			path = iOSDemos;
			sourceTree = "<group>";
		};
		3F3165FB2B18D4890074538D /* UICollectionView */ = {
			isa = PBXGroup;
			children = (
				3F3166112B18D4CB0074538D /* Custom */,
				3F3166012B18D4CB0074538D /* Calendar */,
				3F3166082B18D4CB0074538D /* LineCircle */,
				3F31660D2B18D4CB0074538D /* Waterfall */,
				3F3165FC2B18D4C30074538D /* Base */,
				3F3166282B18D62B0074538D /* CollectionEntryViewController.swift */,
			);
			path = UICollectionView;
			sourceTree = "<group>";
		};
		3F3165FC2B18D4C30074538D /* Base */ = {
			isa = PBXGroup;
			children = (
				3F3165FD2B18D4C30074538D /* BaseViewController.swift */,
				3F3165FE2B18D4C30074538D /* ImageCollectionViewCell.swift */,
			);
			path = Base;
			sourceTree = "<group>";
		};
		3F3166012B18D4CB0074538D /* Calendar */ = {
			isa = PBXGroup;
			children = (
				3F3166022B18D4CB0074538D /* CalendarEvent.swift */,
				3F3166032B18D4CB0074538D /* CalendarHeaderView.swift */,
				3F3166042B18D4CB0074538D /* WeekCalendarLayout.swift */,
				3F3166052B18D4CB0074538D /* CalendarDataSource.swift */,
				3F3166062B18D4CB0074538D /* CalendarEventCell.swift */,
				3F3166072B18D4CB0074538D /* CalendarViewController.swift */,
			);
			path = Calendar;
			sourceTree = "<group>";
		};
		3F3166082B18D4CB0074538D /* LineCircle */ = {
			isa = PBXGroup;
			children = (
				3F3166092B18D4CB0074538D /* LineCircleViewController.swift */,
				3F31660A2B18D4CB0074538D /* CircleLayout.swift */,
				3F31660B2B18D4CB0074538D /* LineLayout.swift */,
				3F31660C2B18D4CB0074538D /* LineCircleCell.swift */,
			);
			path = LineCircle;
			sourceTree = "<group>";
		};
		3F31660D2B18D4CB0074538D /* Waterfall */ = {
			isa = PBXGroup;
			children = (
				3F31660E2B18D4CB0074538D /* WaterfallCell.swift */,
				3F31660F2B18D4CB0074538D /* WaterfallLayout.swift */,
				3F3166102B18D4CB0074538D /* WaterfallViewController.swift */,
			);
			path = Waterfall;
			sourceTree = "<group>";
		};
		3F3166112B18D4CB0074538D /* Custom */ = {
			isa = PBXGroup;
			children = (
				3F3166122B18D4CB0074538D /* PubuLayout.swift */,
				3F3166132B18D4CB0074538D /* ColorViewCell.swift */,
				3F3166142B18D4CB0074538D /* CustomViewController.swift */,
			);
			path = Custom;
			sourceTree = "<group>";
		};
		3F31662B2B18DCFF0074538D /* CoreAnimation */ = {
			isa = PBXGroup;
			children = (
				3F31662D2B18DD110074538D /* UIView+Animation.h */,
				3F31662C2B18DD110074538D /* UIView+Animation.m */,
				3F3166312B18DD4A0074538D /* ShakeViewController.h */,
				3F3166322B18DD4A0074538D /* ShakeViewController.m */,
				3F3166342B18DEE50074538D /* AnimatePanViewController.h */,
				3F3166352B18DEE50074538D /* AnimatePanViewController.m */,
			);
			path = CoreAnimation;
			sourceTree = "<group>";
		};
		3F3166372B1A19160074538D /* UITableView */ = {
			isa = PBXGroup;
			children = (
				3F3166382B1A19580074538D /* AnimateTableViewController.h */,
				3F3166392B1A19580074538D /* AnimateTableViewController.m */,
				3F31663B2B1A19A60074538D /* AnimateTableViewCell.h */,
				3F31663C2B1A19A60074538D /* AnimateTableViewCell.m */,
			);
			path = UITableView;
			sourceTree = "<group>";
		};
		3F31663F2B1A1C3E0074538D /* Supporting Files */ = {
			isa = PBXGroup;
			children = (
				3F3165E22B14D39D0074538D /* AppDelegate.h */,
				3F3165E32B14D39D0074538D /* AppDelegate.m */,
				3F3165E52B14D39D0074538D /* SceneDelegate.h */,
				3F3165E62B14D39D0074538D /* SceneDelegate.m */,
				3F3165F42B14D39E0074538D /* main.m */,
				3F3165F02B14D39E0074538D /* LaunchScreen.storyboard */,
				3F3165F32B14D39E0074538D /* Info.plist */,
			);
			path = "Supporting Files";
			sourceTree = "<group>";
		};
		68B9126F2B1738220049E0FA /* MMUIKit */ = {
			isa = PBXGroup;
			children = (
				68B912702B17384F0049E0FA /* UITableViewInfo.h */,
				68B912712B17384F0049E0FA /* UITableViewInfo.m */,
				68C0EB5D2B1757D4005E1C28 /* MMUIViewController.h */,
				68C0EB5E2B1757D4005E1C28 /* MMUIViewController.m */,
				68C0EB602B175850005E1C28 /* UIView+Frame.h */,
				68C0EB612B175850005E1C28 /* UIView+Frame.m */,
			);
			path = MMUIKit;
			sourceTree = "<group>";
		};
		68C0EB4C2B17546E005E1C28 /* Transition */ = {
			isa = PBXGroup;
			children = (
				68C0EB4D2B175500005E1C28 /* BCMagicTransition */,
			);
			path = Transition;
			sourceTree = "<group>";
		};
		68C0EB4D2B175500005E1C28 /* BCMagicTransition */ = {
			isa = PBXGroup;
			children = (
				68C0EB4E2B175529005E1C28 /* BCMagicTransition.h */,
				68C0EB4F2B175529005E1C28 /* BCMagicTransition.m */,
				68C0EB512B17554B005E1C28 /* UIViewController+BCMagicTransition.h */,
				68C0EB522B17554B005E1C28 /* UIViewController+BCMagicTransition.m */,
				68C0EB542B17557C005E1C28 /* FirstViewController.h */,
				68C0EB552B17557C005E1C28 /* FirstViewController.m */,
				68C0EB572B175599005E1C28 /* SecondViewController.h */,
				68C0EB582B175599005E1C28 /* SecondViewController.m */,
				68C0EB5A2B1755B4005E1C28 /* ThirdViewController.h */,
				68C0EB5B2B1755B4005E1C28 /* ThirdViewController.m */,
			);
			path = BCMagicTransition;
			sourceTree = "<group>";
		};
		68C0EB712B184B09005E1C28 /* UIComponents */ = {
			isa = PBXGroup;
			children = (
				3F3166372B1A19160074538D /* UITableView */,
				3F3165FB2B18D4890074538D /* UICollectionView */,
				68C0EB762B184DAD005E1C28 /* ContainerView */,
				68B912732B173AED0049E0FA /* UIStackViewController.h */,
				68B912742B173AED0049E0FA /* UIStackViewController.m */,
			);
			path = UIComponents;
			sourceTree = "<group>";
		};
		68C0EB762B184DAD005E1C28 /* ContainerView */ = {
			isa = PBXGroup;
			children = (
				68C0EB822B185260005E1C28 /* Demo */,
				68C0EB7B2B184DAD005E1C28 /* ContainerDefines.h */,
				68C0EB7A2B184DAD005E1C28 /* ContainerTypes.h */,
				68C0EB782B184DAD005E1C28 /* ContainerView.h */,
				68C0EB7E2B184DAD005E1C28 /* ContainerView.m */,
				68C0EB7C2B184DAD005E1C28 /* ContainerViewController.h */,
				68C0EB772B184DAD005E1C28 /* ContainerViewController.m */,
				68C0EB7D2B184DAD005E1C28 /* ContainerScrollDelegate.h */,
				68C0EB792B184DAD005E1C28 /* ContainerScrollDelegate.m */,
			);
			path = ContainerView;
			sourceTree = "<group>";
		};
		68C0EB822B185260005E1C28 /* Demo */ = {
			isa = PBXGroup;
			children = (
				68C0EB722B184B3A005E1C28 /* UIToolbarViewController.h */,
				68C0EB732B184B3A005E1C28 /* UIToolbarViewController.m */,
				68C0EB842B185271005E1C28 /* DemoHeaderViews.h */,
				68C0EB832B185271005E1C28 /* DemoHeaderViews.m */,
			);
			path = Demo;
			sourceTree = "<group>";
		};
		68C0EB892B186068005E1C28 /* Other */ = {
			isa = PBXGroup;
			children = (
				68C0EB8A2B186074005E1C28 /* YYViewHierarchy3D.h */,
				68C0EB8B2B186074005E1C28 /* YYViewHierarchy3D.m */,
			);
			path = Other;
			sourceTree = "<group>";
		};
		FD96E672B833CA21A4AA34CD /* Frameworks */ = {
			isa = PBXGroup;
			children = (
				C3EBE63870D2A9FCED416B2D /* Pods_iOSDemos.framework */,
			);
			name = Frameworks;
			sourceTree = "<group>";
		};
/* End PBXGroup section */

/* Begin PBXNativeTarget section */
		3F3165DE2B14D39D0074538D /* iOSDemos */ = {
			isa = PBXNativeTarget;
			buildConfigurationList = 3F3165F82B14D39E0074538D /* Build configuration list for PBXNativeTarget "iOSDemos" */;
			buildPhases = (
				D9A0BDC9C2D9C40C86468AA6 /* [CP] Check Pods Manifest.lock */,
				3F3165DB2B14D39D0074538D /* Sources */,
				3F3165DC2B14D39D0074538D /* Frameworks */,
				3F3165DD2B14D39D0074538D /* Resources */,
				050A87184BBCC3E9CFE46C5A /* [CP] Embed Pods Frameworks */,
			);
			buildRules = (
			);
			dependencies = (
			);
			name = iOSDemos;
			productName = iOSDemos;
			productReference = 3F3165DF2B14D39D0074538D /* iOSDemos.app */;
			productType = "com.apple.product-type.application";
		};
/* End PBXNativeTarget section */

/* Begin PBXProject section */
		3F3165D72B14D39D0074538D /* Project object */ = {
			isa = PBXProject;
			attributes = {
				BuildIndependentTargetsInParallel = 1;
				LastUpgradeCheck = 1500;
				TargetAttributes = {
					3F3165DE2B14D39D0074538D = {
						CreatedOnToolsVersion = 15.0;
					};
				};
			};
			buildConfigurationList = 3F3165DA2B14D39D0074538D /* Build configuration list for PBXProject "iOSDemos" */;
			compatibilityVersion = "Xcode 14.0";
			developmentRegion = en;
			hasScannedForEncodings = 0;
			knownRegions = (
				en,
				Base,
			);
			mainGroup = 3F3165D62B14D39D0074538D;
			productRefGroup = 3F3165E02B14D39D0074538D /* Products */;
			projectDirPath = "";
			projectRoot = "";
			targets = (
				3F3165DE2B14D39D0074538D /* iOSDemos */,
			);
		};
/* End PBXProject section */

/* Begin PBXResourcesBuildPhase section */
		3F3165DD2B14D39D0074538D /* Resources */ = {
			isa = PBXResourcesBuildPhase;
			buildActionMask = 2147483647;
			files = (
				3F3165F22B14D39E0074538D /* LaunchScreen.storyboard in Resources */,
				3F3165EF2B14D39E0074538D /* Assets.xcassets in Resources */,
			);
			runOnlyForDeploymentPostprocessing = 0;
		};
/* End PBXResourcesBuildPhase section */

/* Begin PBXShellScriptBuildPhase section */
		050A87184BBCC3E9CFE46C5A /* [CP] Embed Pods Frameworks */ = {
			isa = PBXShellScriptBuildPhase;
			buildActionMask = 2147483647;
			files = (
			);
			inputFileListPaths = (
				"${PODS_ROOT}/Target Support Files/Pods-iOSDemos/Pods-iOSDemos-frameworks-${CONFIGURATION}-input-files.xcfilelist",
			);
			name = "[CP] Embed Pods Frameworks";
			outputFileListPaths = (
				"${PODS_ROOT}/Target Support Files/Pods-iOSDemos/Pods-iOSDemos-frameworks-${CONFIGURATION}-output-files.xcfilelist",
			);
			runOnlyForDeploymentPostprocessing = 0;
			shellPath = /bin/sh;
			shellScript = "\"${PODS_ROOT}/Target Support Files/Pods-iOSDemos/Pods-iOSDemos-frameworks.sh\"\n";
			showEnvVarsInLog = 0;
		};
		D9A0BDC9C2D9C40C86468AA6 /* [CP] Check Pods Manifest.lock */ = {
			isa = PBXShellScriptBuildPhase;
			buildActionMask = 2147483647;
			files = (
			);
			inputFileListPaths = (
			);
			inputPaths = (
				"${PODS_PODFILE_DIR_PATH}/Podfile.lock",
				"${PODS_ROOT}/Manifest.lock",
			);
			name = "[CP] Check Pods Manifest.lock";
			outputFileListPaths = (
			);
			outputPaths = (
				"$(DERIVED_FILE_DIR)/Pods-iOSDemos-checkManifestLockResult.txt",
			);
			runOnlyForDeploymentPostprocessing = 0;
			shellPath = /bin/sh;
			shellScript = "diff \"${PODS_PODFILE_DIR_PATH}/Podfile.lock\" \"${PODS_ROOT}/Manifest.lock\" > /dev/null\nif [ $? != 0 ] ; then\n    # print error to STDERR\n    echo \"error: The sandbox is not in sync with the Podfile.lock. Run 'pod install' or update your CocoaPods installation.\" >&2\n    exit 1\nfi\n# This output is used by Xcode 'outputs' to avoid re-running this script phase.\necho \"SUCCESS\" > \"${SCRIPT_OUTPUT_FILE_0}\"\n";
			showEnvVarsInLog = 0;
		};
/* End PBXShellScriptBuildPhase section */

/* Begin PBXSourcesBuildPhase section */
		3F3165DB2B14D39D0074538D /* Sources */ = {
			isa = PBXSourcesBuildPhase;
			buildActionMask = 2147483647;
			files = (
				68C0EB852B185271005E1C28 /* DemoHeaderViews.m in Sources */,
				3F31663A2B1A19580074538D /* AnimateTableViewController.m in Sources */,
				68C0EB812B184DAD005E1C28 /* ContainerView.m in Sources */,
				3F3166192B18D4CB0074538D /* CalendarEventCell.swift in Sources */,
				68C0EB592B175599005E1C28 /* SecondViewController.m in Sources */,
				3F3166362B18DEE50074538D /* AnimatePanViewController.m in Sources */,
				3F3166002B18D4C30074538D /* ImageCollectionViewCell.swift in Sources */,
				68C0EB802B184DAD005E1C28 /* ContainerScrollDelegate.m in Sources */,
				68C0EB532B17554B005E1C28 /* UIViewController+BCMagicTransition.m in Sources */,
				3F3165FF2B18D4C30074538D /* BaseViewController.swift in Sources */,
				3F3166232B18D4CB0074538D /* ColorViewCell.swift in Sources */,
				68C0EB562B17557C005E1C28 /* FirstViewController.m in Sources */,
				3F3165EA2B14D39D0074538D /* ViewController.m in Sources */,
				3F31661B2B18D4CB0074538D /* LineCircleViewController.swift in Sources */,
				3F3166162B18D4CB0074538D /* CalendarHeaderView.swift in Sources */,
				68C0EB8C2B186074005E1C28 /* YYViewHierarchy3D.m in Sources */,
				3F3166202B18D4CB0074538D /* WaterfallLayout.swift in Sources */,
				68C0EB742B184B3A005E1C28 /* UIToolbarViewController.m in Sources */,
				3F31661E2B18D4CB0074538D /* LineCircleCell.swift in Sources */,
				68B912752B173AED0049E0FA /* UIStackViewController.m in Sources */,
				3F31661F2B18D4CB0074538D /* WaterfallCell.swift in Sources */,
				68C0EB622B175850005E1C28 /* UIView+Frame.m in Sources */,
				68C0EB5C2B1755B4005E1C28 /* ThirdViewController.m in Sources */,
				68C0EB502B175529005E1C28 /* BCMagicTransition.m in Sources */,
				3F31663D2B1A19A60074538D /* AnimateTableViewCell.m in Sources */,
				3F3165E42B14D39D0074538D /* AppDelegate.m in Sources */,
				3F3166242B18D4CB0074538D /* CustomViewController.swift in Sources */,
				3F31662E2B18DD110074538D /* UIView+Animation.m in Sources */,
				3F3165F52B14D39E0074538D /* main.m in Sources */,
				3F3166292B18D62B0074538D /* CollectionEntryViewController.swift in Sources */,
				3F3165E72B14D39D0074538D /* SceneDelegate.m in Sources */,
				3F3166152B18D4CB0074538D /* CalendarEvent.swift in Sources */,
				3F3166182B18D4CB0074538D /* CalendarDataSource.swift in Sources */,
				3F31661D2B18D4CB0074538D /* LineLayout.swift in Sources */,
				68C0EB5F2B1757D4005E1C28 /* MMUIViewController.m in Sources */,
				3F31661C2B18D4CB0074538D /* CircleLayout.swift in Sources */,
				3F3166222B18D4CB0074538D /* PubuLayout.swift in Sources */,
				68B912722B17384F0049E0FA /* UITableViewInfo.m in Sources */,
				3F3166332B18DD4A0074538D /* ShakeViewController.m in Sources */,
				3F31661A2B18D4CB0074538D /* CalendarViewController.swift in Sources */,
				3F3166212B18D4CB0074538D /* WaterfallViewController.swift in Sources */,
				68C0EB7F2B184DAD005E1C28 /* ContainerViewController.m in Sources */,
				3F3166172B18D4CB0074538D /* WeekCalendarLayout.swift in Sources */,
			);
			runOnlyForDeploymentPostprocessing = 0;
		};
/* End PBXSourcesBuildPhase section */

/* Begin PBXVariantGroup section */
		3F3165F02B14D39E0074538D /* LaunchScreen.storyboard */ = {
			isa = PBXVariantGroup;
			children = (
				3F3165F12B14D39E0074538D /* Base */,
			);
			name = LaunchScreen.storyboard;
			sourceTree = "<group>";
		};
/* End PBXVariantGroup section */

/* Begin XCBuildConfiguration section */
		3F3165F62B14D39E0074538D /* Debug */ = {
			isa = XCBuildConfiguration;
			buildSettings = {
				ALWAYS_SEARCH_USER_PATHS = NO;
				ASSETCATALOG_COMPILER_GENERATE_SWIFT_ASSET_SYMBOL_EXTENSIONS = YES;
				CLANG_ANALYZER_NONNULL = YES;
				CLANG_ANALYZER_NUMBER_OBJECT_CONVERSION = YES_AGGRESSIVE;
				CLANG_CXX_LANGUAGE_STANDARD = "gnu++20";
				CLANG_ENABLE_MODULES = YES;
				CLANG_ENABLE_OBJC_ARC = YES;
				CLANG_ENABLE_OBJC_WEAK = YES;
				CLANG_WARN_BLOCK_CAPTURE_AUTORELEASING = YES;
				CLANG_WARN_BOOL_CONVERSION = YES;
				CLANG_WARN_COMMA = YES;
				CLANG_WARN_CONSTANT_CONVERSION = YES;
				CLANG_WARN_DEPRECATED_OBJC_IMPLEMENTATIONS = YES;
				CLANG_WARN_DIRECT_OBJC_ISA_USAGE = YES_ERROR;
				CLANG_WARN_DOCUMENTATION_COMMENTS = YES;
				CLANG_WARN_EMPTY_BODY = YES;
				CLANG_WARN_ENUM_CONVERSION = YES;
				CLANG_WARN_INFINITE_RECURSION = YES;
				CLANG_WARN_INT_CONVERSION = YES;
				CLANG_WARN_NON_LITERAL_NULL_CONVERSION = YES;
				CLANG_WARN_OBJC_IMPLICIT_RETAIN_SELF = YES;
				CLANG_WARN_OBJC_LITERAL_CONVERSION = YES;
				CLANG_WARN_OBJC_ROOT_CLASS = YES_ERROR;
				CLANG_WARN_QUOTED_INCLUDE_IN_FRAMEWORK_HEADER = YES;
				CLANG_WARN_RANGE_LOOP_ANALYSIS = YES;
				CLANG_WARN_STRICT_PROTOTYPES = YES;
				CLANG_WARN_SUSPICIOUS_MOVE = YES;
				CLANG_WARN_UNGUARDED_AVAILABILITY = YES_AGGRESSIVE;
				CLANG_WARN_UNREACHABLE_CODE = YES;
				CLANG_WARN__DUPLICATE_METHOD_MATCH = YES;
				COPY_PHASE_STRIP = NO;
				DEBUG_INFORMATION_FORMAT = dwarf;
				ENABLE_STRICT_OBJC_MSGSEND = YES;
				ENABLE_TESTABILITY = YES;
				ENABLE_USER_SCRIPT_SANDBOXING = YES;
				GCC_C_LANGUAGE_STANDARD = gnu17;
				GCC_DYNAMIC_NO_PIC = NO;
				GCC_NO_COMMON_BLOCKS = YES;
				GCC_OPTIMIZATION_LEVEL = 0;
				GCC_PREPROCESSOR_DEFINITIONS = (
					"DEBUG=1",
					"$(inherited)",
				);
				GCC_WARN_64_TO_32_BIT_CONVERSION = YES;
				GCC_WARN_ABOUT_RETURN_TYPE = YES_ERROR;
				GCC_WARN_UNDECLARED_SELECTOR = YES;
				GCC_WARN_UNINITIALIZED_AUTOS = YES_AGGRESSIVE;
				GCC_WARN_UNUSED_FUNCTION = YES;
				GCC_WARN_UNUSED_VARIABLE = YES;
				IPHONEOS_DEPLOYMENT_TARGET = 14.0;
				LOCALIZATION_PREFERS_STRING_CATALOGS = YES;
				MTL_ENABLE_DEBUG_INFO = INCLUDE_SOURCE;
				MTL_FAST_MATH = YES;
				ONLY_ACTIVE_ARCH = YES;
				SDKROOT = iphoneos;
			};
			name = Debug;
		};
		3F3165F72B14D39E0074538D /* Release */ = {
			isa = XCBuildConfiguration;
			buildSettings = {
				ALWAYS_SEARCH_USER_PATHS = NO;
				ASSETCATALOG_COMPILER_GENERATE_SWIFT_ASSET_SYMBOL_EXTENSIONS = YES;
				CLANG_ANALYZER_NONNULL = YES;
				CLANG_ANALYZER_NUMBER_OBJECT_CONVERSION = YES_AGGRESSIVE;
				CLANG_CXX_LANGUAGE_STANDARD = "gnu++20";
				CLANG_ENABLE_MODULES = YES;
				CLANG_ENABLE_OBJC_ARC = YES;
				CLANG_ENABLE_OBJC_WEAK = YES;
				CLANG_WARN_BLOCK_CAPTURE_AUTORELEASING = YES;
				CLANG_WARN_BOOL_CONVERSION = YES;
				CLANG_WARN_COMMA = YES;
				CLANG_WARN_CONSTANT_CONVERSION = YES;
				CLANG_WARN_DEPRECATED_OBJC_IMPLEMENTATIONS = YES;
				CLANG_WARN_DIRECT_OBJC_ISA_USAGE = YES_ERROR;
				CLANG_WARN_DOCUMENTATION_COMMENTS = YES;
				CLANG_WARN_EMPTY_BODY = YES;
				CLANG_WARN_ENUM_CONVERSION = YES;
				CLANG_WARN_INFINITE_RECURSION = YES;
				CLANG_WARN_INT_CONVERSION = YES;
				CLANG_WARN_NON_LITERAL_NULL_CONVERSION = YES;
				CLANG_WARN_OBJC_IMPLICIT_RETAIN_SELF = YES;
				CLANG_WARN_OBJC_LITERAL_CONVERSION = YES;
				CLANG_WARN_OBJC_ROOT_CLASS = YES_ERROR;
				CLANG_WARN_QUOTED_INCLUDE_IN_FRAMEWORK_HEADER = YES;
				CLANG_WARN_RANGE_LOOP_ANALYSIS = YES;
				CLANG_WARN_STRICT_PROTOTYPES = YES;
				CLANG_WARN_SUSPICIOUS_MOVE = YES;
				CLANG_WARN_UNGUARDED_AVAILABILITY = YES_AGGRESSIVE;
				CLANG_WARN_UNREACHABLE_CODE = YES;
				CLANG_WARN__DUPLICATE_METHOD_MATCH = YES;
				COPY_PHASE_STRIP = NO;
				DEBUG_INFORMATION_FORMAT = "dwarf-with-dsym";
				ENABLE_NS_ASSERTIONS = NO;
				ENABLE_STRICT_OBJC_MSGSEND = YES;
				ENABLE_USER_SCRIPT_SANDBOXING = YES;
				GCC_C_LANGUAGE_STANDARD = gnu17;
				GCC_NO_COMMON_BLOCKS = YES;
				GCC_WARN_64_TO_32_BIT_CONVERSION = YES;
				GCC_WARN_ABOUT_RETURN_TYPE = YES_ERROR;
				GCC_WARN_UNDECLARED_SELECTOR = YES;
				GCC_WARN_UNINITIALIZED_AUTOS = YES_AGGRESSIVE;
				GCC_WARN_UNUSED_FUNCTION = YES;
				GCC_WARN_UNUSED_VARIABLE = YES;
				IPHONEOS_DEPLOYMENT_TARGET = 14.0;
				LOCALIZATION_PREFERS_STRING_CATALOGS = YES;
				MTL_ENABLE_DEBUG_INFO = NO;
				MTL_FAST_MATH = YES;
				SDKROOT = iphoneos;
				VALIDATE_PRODUCT = YES;
			};
			name = Release;
		};
		3F3165F92B14D39E0074538D /* Debug */ = {
			isa = XCBuildConfiguration;
			baseConfigurationReference = F7F785310190FAF460E26392 /* Pods-iOSDemos.debug.xcconfig */;
			buildSettings = {
				ASSETCATALOG_COMPILER_APPICON_NAME = AppIcon;
				ASSETCATALOG_COMPILER_GLOBAL_ACCENT_COLOR_NAME = AccentColor;
				CODE_SIGN_STYLE = Automatic;
				CURRENT_PROJECT_VERSION = 1;
				DEVELOPMENT_TEAM = 86JSFRSCH9;
				ENABLE_USER_SCRIPT_SANDBOXING = NO;
				GCC_PREFIX_HEADER = iOSDemos/PrefixHeader.pch;
				GENERATE_INFOPLIST_FILE = YES;
				INFOPLIST_FILE = "iOSDemos/Supporting Files/Info.plist";
				INFOPLIST_KEY_UIApplicationSupportsIndirectInputEvents = YES;
				INFOPLIST_KEY_UILaunchStoryboardName = LaunchScreen;
				INFOPLIST_KEY_UIMainStoryboardFile = "";
				INFOPLIST_KEY_UISupportedInterfaceOrientations_iPad = "UIInterfaceOrientationPortrait UIInterfaceOrientationPortraitUpsideDown UIInterfaceOrientationLandscapeLeft UIInterfaceOrientationLandscapeRight";
				INFOPLIST_KEY_UISupportedInterfaceOrientations_iPhone = "UIInterfaceOrientationPortrait UIInterfaceOrientationLandscapeLeft UIInterfaceOrientationLandscapeRight";
				IPHONEOS_DEPLOYMENT_TARGET = 14.0;
				LD_RUNPATH_SEARCH_PATHS = (
					"$(inherited)",
					"@executable_path/Frameworks",
				);
				MARKETING_VERSION = 1.0;
				PRODUCT_BUNDLE_IDENTIFIER = com.jayying.iOSDemos;
				PRODUCT_NAME = "$(TARGET_NAME)";
				SWIFT_EMIT_LOC_STRINGS = YES;
				SWIFT_OBJC_BRIDGING_HEADER = "$(PROJECT)/iOSDemos-Bridging-Header.h";
				SWIFT_VERSION = 5.0;
				TARGETED_DEVICE_FAMILY = "1,2";
			};
			name = Debug;
		};
		3F3165FA2B14D39E0074538D /* Release */ = {
			isa = XCBuildConfiguration;
			baseConfigurationReference = 3DD61D8495355E69B8365EEB /* Pods-iOSDemos.release.xcconfig */;
			buildSettings = {
				ASSETCATALOG_COMPILER_APPICON_NAME = AppIcon;
				ASSETCATALOG_COMPILER_GLOBAL_ACCENT_COLOR_NAME = AccentColor;
				CODE_SIGN_STYLE = Automatic;
				CURRENT_PROJECT_VERSION = 1;
				DEVELOPMENT_TEAM = 86JSFRSCH9;
				ENABLE_USER_SCRIPT_SANDBOXING = NO;
				GCC_PREFIX_HEADER = iOSDemos/PrefixHeader.pch;
				GENERATE_INFOPLIST_FILE = YES;
				INFOPLIST_FILE = "iOSDemos/Supporting Files/Info.plist";
				INFOPLIST_KEY_UIApplicationSupportsIndirectInputEvents = YES;
				INFOPLIST_KEY_UILaunchStoryboardName = LaunchScreen;
				INFOPLIST_KEY_UIMainStoryboardFile = "";
				INFOPLIST_KEY_UISupportedInterfaceOrientations_iPad = "UIInterfaceOrientationPortrait UIInterfaceOrientationPortraitUpsideDown UIInterfaceOrientationLandscapeLeft UIInterfaceOrientationLandscapeRight";
				INFOPLIST_KEY_UISupportedInterfaceOrientations_iPhone = "UIInterfaceOrientationPortrait UIInterfaceOrientationLandscapeLeft UIInterfaceOrientationLandscapeRight";
				IPHONEOS_DEPLOYMENT_TARGET = 14.0;
				LD_RUNPATH_SEARCH_PATHS = (
					"$(inherited)",
					"@executable_path/Frameworks",
				);
				MARKETING_VERSION = 1.0;
				PRODUCT_BUNDLE_IDENTIFIER = com.jayying.iOSDemos;
				PRODUCT_NAME = "$(TARGET_NAME)";
				SWIFT_EMIT_LOC_STRINGS = YES;
				SWIFT_OBJC_BRIDGING_HEADER = "$(PROJECT)/iOSDemos-Bridging-Header.h";
				SWIFT_VERSION = 5.0;
				TARGETED_DEVICE_FAMILY = "1,2";
			};
			name = Release;
		};
/* End XCBuildConfiguration section */

/* Begin XCConfigurationList section */
		3F3165DA2B14D39D0074538D /* Build configuration list for PBXProject "iOSDemos" */ = {
			isa = XCConfigurationList;
			buildConfigurations = (
				3F3165F62B14D39E0074538D /* Debug */,
				3F3165F72B14D39E0074538D /* Release */,
			);
			defaultConfigurationIsVisible = 0;
			defaultConfigurationName = Release;
		};
		3F3165F82B14D39E0074538D /* Build configuration list for PBXNativeTarget "iOSDemos" */ = {
			isa = XCConfigurationList;
			buildConfigurations = (
				3F3165F92B14D39E0074538D /* Debug */,
				3F3165FA2B14D39E0074538D /* Release */,
			);
			defaultConfigurationIsVisible = 0;
			defaultConfigurationName = Release;
		};
/* End XCConfigurationList section */
	};
	rootObject = 3F3165D72B14D39D0074538D /* Project object */;
}
